
Microsoft Visual Studio Solution File, Format Version 12.00
# Visual Studio Version 17
VisualStudioVersion = 17.3.32929.385
MinimumVisualStudioVersion = 10.0.40219.1
Project("{FAE04EC0-301F-11D3-BF4B-00C04F79EFBC}") = "Hopirtean_Daniela_Lab3", "Hopirtean_Daniela_Lab3.csproj", "{2D911E08-3DB0-40BC-99C1-0545D9A29B0D}"
EndProject
Global
	GlobalSection(SolutionConfigurationPlatforms) = preSolution
		Debug|Any CPU = Debug|Any CPU
		Release|Any CPU = Release|Any CPU
	EndGlobalSection
	GlobalSection(ProjectConfigurationPlatforms) = postSolution
		{2D911E08-3DB0-40BC-99C1-0545D9A29B0D}.Debug|Any CPU.ActiveCfg = Debug|Any CPU
		{2D911E08-3DB0-40BC-99C1-0545D9A29B0D}.Debug|Any CPU.Build.0 = Debug|Any CPU
		{2D911E08-3DB0-40BC-99C1-0545D9A29B0D}.Release|Any CPU.ActiveCfg = Release|Any CPU
		{2D911E08-3DB0-40BC-99C1-0545D9A29B0D}.Release|Any CPU.Build.0 = Release|Any CPU
	EndGlobalSection
	GlobalSection(SolutionProperties) = preSolution
		HideSolutionNode = FALSE
	EndGlobalSection
	GlobalSection(ExtensibilityGlobals) = postSolution
		SolutionGuid = {7A7CDC32-7CC0-426B-9E92-186F9EE6D990}
	EndGlobalSection
EndGlobal
